
Microsoft Visual Studio Solution File, Format Version 12.00
# Visual Studio 14
VisualStudioVersion = 14.0.25420.1
MinimumVisualStudioVersion = 10.0.40219.1
Project("{2150E333-8FDC-42A3-9474-1A3956D46DE8}") = "Source", "Source", "{9654E2AC-B179-45BB-987B-E24203D52496}"
EndProject
Project("{2150E333-8FDC-42A3-9474-1A3956D46DE8}") = "test", "test", "{3627CB91-6E4A-451A-A383-68A4B89C862E}"
EndProject
Project("{FAE04EC0-301F-11D3-BF4B-00C04F79EFBC}") = "CRM.WebApi", "Source\CRM.WebApi\CRM.WebApi.csproj", "{C37156A0-5E28-4622-9CDA-75DBF0DB2F2A}"
EndProject
Project("{FAE04EC0-301F-11D3-BF4B-00C04F79EFBC}") = "CRM.MethodsLib", "Source\CRM.MethodsLib\CRM.MethodsLib.csproj", "{77D5B97A-33F1-4DBB-9E54-6A58718EE20B}"
EndProject
Project("{FAE04EC0-301F-11D3-BF4B-00C04F79EFBC}") = "TestWpfAppForCRM", "test\TestWpfAppForCRM\TestWpfAppForCRM.csproj", "{ED4CB8A5-924F-4A7D-8093-65BF645AA5CF}"
EndProject
Project("{00D1A9C2-B5F0-4AF3-8072-F6C62B433612}") = "CRM.Database_C", "Source\CRM.Database_C\CRM.Database_C.sqlproj", "{76A2E045-72E4-411C-91EA-F5EC75EC096B}"
EndProject
Global
	GlobalSection(SolutionConfigurationPlatforms) = preSolution
		Debug|Any CPU = Debug|Any CPU
		Release|Any CPU = Release|Any CPU
	EndGlobalSection
	GlobalSection(ProjectConfigurationPlatforms) = postSolution
		{C37156A0-5E28-4622-9CDA-75DBF0DB2F2A}.Debug|Any CPU.ActiveCfg = Debug|Any CPU
		{C37156A0-5E28-4622-9CDA-75DBF0DB2F2A}.Debug|Any CPU.Build.0 = Debug|Any CPU
		{C37156A0-5E28-4622-9CDA-75DBF0DB2F2A}.Release|Any CPU.ActiveCfg = Release|Any CPU
		{C37156A0-5E28-4622-9CDA-75DBF0DB2F2A}.Release|Any CPU.Build.0 = Release|Any CPU
		{77D5B97A-33F1-4DBB-9E54-6A58718EE20B}.Debug|Any CPU.ActiveCfg = Debug|Any CPU
		{77D5B97A-33F1-4DBB-9E54-6A58718EE20B}.Debug|Any CPU.Build.0 = Debug|Any CPU
		{77D5B97A-33F1-4DBB-9E54-6A58718EE20B}.Release|Any CPU.ActiveCfg = Release|Any CPU
		{77D5B97A-33F1-4DBB-9E54-6A58718EE20B}.Release|Any CPU.Build.0 = Release|Any CPU
		{ED4CB8A5-924F-4A7D-8093-65BF645AA5CF}.Debug|Any CPU.ActiveCfg = Debug|Any CPU
		{ED4CB8A5-924F-4A7D-8093-65BF645AA5CF}.Debug|Any CPU.Build.0 = Debug|Any CPU
		{ED4CB8A5-924F-4A7D-8093-65BF645AA5CF}.Release|Any CPU.ActiveCfg = Release|Any CPU
		{ED4CB8A5-924F-4A7D-8093-65BF645AA5CF}.Release|Any CPU.Build.0 = Release|Any CPU
		{76A2E045-72E4-411C-91EA-F5EC75EC096B}.Debug|Any CPU.ActiveCfg = Debug|Any CPU
		{76A2E045-72E4-411C-91EA-F5EC75EC096B}.Debug|Any CPU.Build.0 = Debug|Any CPU
		{76A2E045-72E4-411C-91EA-F5EC75EC096B}.Debug|Any CPU.Deploy.0 = Debug|Any CPU
		{76A2E045-72E4-411C-91EA-F5EC75EC096B}.Release|Any CPU.ActiveCfg = Release|Any CPU
		{76A2E045-72E4-411C-91EA-F5EC75EC096B}.Release|Any CPU.Build.0 = Release|Any CPU
		{76A2E045-72E4-411C-91EA-F5EC75EC096B}.Release|Any CPU.Deploy.0 = Release|Any CPU
	EndGlobalSection
	GlobalSection(SolutionProperties) = preSolution
		HideSolutionNode = FALSE
	EndGlobalSection
	GlobalSection(NestedProjects) = preSolution
		{C37156A0-5E28-4622-9CDA-75DBF0DB2F2A} = {9654E2AC-B179-45BB-987B-E24203D52496}
		{77D5B97A-33F1-4DBB-9E54-6A58718EE20B} = {9654E2AC-B179-45BB-987B-E24203D52496}
		{ED4CB8A5-924F-4A7D-8093-65BF645AA5CF} = {3627CB91-6E4A-451A-A383-68A4B89C862E}
		{76A2E045-72E4-411C-91EA-F5EC75EC096B} = {9654E2AC-B179-45BB-987B-E24203D52496}
	EndGlobalSection
EndGlobal
